
Microsoft Visual Studio Solution File, Format Version 12.00
# Visual Studio Version 17
VisualStudioVersion = 17.5.33424.131
MinimumVisualStudioVersion = 10.0.40219.1
Project("{9A19103F-16F7-4668-BE54-9A1E7A4F7556}") = "WebApplication3_13062023_cocktails", "WebApplication3_13062023_cocktails\WebApplication3_13062023_cocktails.csproj", "{903B1FF8-EE46-4CA9-9D8D-026BF88B1DAE}"
EndProject
Global
	GlobalSection(SolutionConfigurationPlatforms) = preSolution
		Debug|Any CPU = Debug|Any CPU
		Release|Any CPU = Release|Any CPU
	EndGlobalSection
	GlobalSection(ProjectConfigurationPlatforms) = postSolution
		{903B1FF8-EE46-4CA9-9D8D-026BF88B1DAE}.Debug|Any CPU.ActiveCfg = Debug|Any CPU
		{903B1FF8-EE46-4CA9-9D8D-026BF88B1DAE}.Debug|Any CPU.Build.0 = Debug|Any CPU
		{903B1FF8-EE46-4CA9-9D8D-026BF88B1DAE}.Release|Any CPU.ActiveCfg = Release|Any CPU
		{903B1FF8-EE46-4CA9-9D8D-026BF88B1DAE}.Release|Any CPU.Build.0 = Release|Any CPU
	EndGlobalSection
	GlobalSection(SolutionProperties) = preSolution
		HideSolutionNode = FALSE
	EndGlobalSection
	GlobalSection(ExtensibilityGlobals) = postSolution
		SolutionGuid = {721C7FE0-67DB-4B46-9962-80FBD1FCAB9B}
	EndGlobalSection
EndGlobal
